
Microsoft Visual Studio Solution File, Format Version 12.00
# Visual Studio 14
VisualStudioVersion = 14.0.25420.1
MinimumVisualStudioVersion = 10.0.40219.1
Project("{FAE04EC0-301F-11D3-BF4B-00C04F79EFBC}") = "Shop.Web", "Shop.Web\Shop.Web.csproj", "{DDAC2EC6-8EB3-46C2-ABE2-DEDDAF924B31}"
EndProject
Project("{FAE04EC0-301F-11D3-BF4B-00C04F79EFBC}") = "Shop.Models", "Shop.Models\Shop.Models.csproj", "{50DACCDF-0644-44BE-A31D-ED6FC16A8EA8}"
EndProject
Global
	GlobalSection(SolutionConfigurationPlatforms) = preSolution
		Debug|Any CPU = Debug|Any CPU
		Release|Any CPU = Release|Any CPU
	EndGlobalSection
	GlobalSection(ProjectConfigurationPlatforms) = postSolution
		{DDAC2EC6-8EB3-46C2-ABE2-DEDDAF924B31}.Debug|Any CPU.ActiveCfg = Debug|Any CPU
		{DDAC2EC6-8EB3-46C2-ABE2-DEDDAF924B31}.Debug|Any CPU.Build.0 = Debug|Any CPU
		{DDAC2EC6-8EB3-46C2-ABE2-DEDDAF924B31}.Release|Any CPU.ActiveCfg = Release|Any CPU
		{DDAC2EC6-8EB3-46C2-ABE2-DEDDAF924B31}.Release|Any CPU.Build.0 = Release|Any CPU
		{50DACCDF-0644-44BE-A31D-ED6FC16A8EA8}.Debug|Any CPU.ActiveCfg = Debug|Any CPU
		{50DACCDF-0644-44BE-A31D-ED6FC16A8EA8}.Debug|Any CPU.Build.0 = Debug|Any CPU
		{50DACCDF-0644-44BE-A31D-ED6FC16A8EA8}.Release|Any CPU.ActiveCfg = Release|Any CPU
		{50DACCDF-0644-44BE-A31D-ED6FC16A8EA8}.Release|Any CPU.Build.0 = Release|Any CPU
	EndGlobalSection
	GlobalSection(SolutionProperties) = preSolution
		HideSolutionNode = FALSE
	EndGlobalSection
EndGlobal
