
Microsoft Visual Studio Solution File, Format Version 12.00
# Visual Studio 14
VisualStudioVersion = 14.0.25420.1
MinimumVisualStudioVersion = 10.0.40219.1
Project("{FAE04EC0-301F-11D3-BF4B-00C04F79EFBC}") = "TestDrivenDesignLecture", "TestDrivenDesignLecture\TestDrivenDesignLecture.csproj", "{8651DD43-EA7C-455C-A4E4-ADC5A940A7B0}"
EndProject
Project("{FAE04EC0-301F-11D3-BF4B-00C04F79EFBC}") = "TestDrivenDesignLecture.Test", "TestDrivenDesignLecture.Test\TestDrivenDesignLecture.Test.csproj", "{38D0878E-4A92-464E-814C-9F4C877852B8}"
EndProject
Global
	GlobalSection(SolutionConfigurationPlatforms) = preSolution
		Debug|Any CPU = Debug|Any CPU
		Release|Any CPU = Release|Any CPU
	EndGlobalSection
	GlobalSection(ProjectConfigurationPlatforms) = postSolution
		{8651DD43-EA7C-455C-A4E4-ADC5A940A7B0}.Debug|Any CPU.ActiveCfg = Debug|Any CPU
		{8651DD43-EA7C-455C-A4E4-ADC5A940A7B0}.Debug|Any CPU.Build.0 = Debug|Any CPU
		{8651DD43-EA7C-455C-A4E4-ADC5A940A7B0}.Release|Any CPU.ActiveCfg = Release|Any CPU
		{8651DD43-EA7C-455C-A4E4-ADC5A940A7B0}.Release|Any CPU.Build.0 = Release|Any CPU
		{38D0878E-4A92-464E-814C-9F4C877852B8}.Debug|Any CPU.ActiveCfg = Debug|Any CPU
		{38D0878E-4A92-464E-814C-9F4C877852B8}.Debug|Any CPU.Build.0 = Debug|Any CPU
		{38D0878E-4A92-464E-814C-9F4C877852B8}.Release|Any CPU.ActiveCfg = Release|Any CPU
		{38D0878E-4A92-464E-814C-9F4C877852B8}.Release|Any CPU.Build.0 = Release|Any CPU
	EndGlobalSection
	GlobalSection(SolutionProperties) = preSolution
		HideSolutionNode = FALSE
	EndGlobalSection
EndGlobal
